
Microsoft Visual Studio Solution File, Format Version 12.00
# Visual Studio Version 17
VisualStudioVersion = 17.14.36221.1
MinimumVisualStudioVersion = 10.0.40219.1
Project("{FAE04EC0-301F-11D3-BF4B-00C04F79EFBC}") = "Tournament.Api", "Tournament.Api\Tournament.Api.csproj", "{AA4B14FD-B333-4373-AA45-3693DA70618C}"
EndProject
Project("{FAE04EC0-301F-11D3-BF4B-00C04F79EFBC}") = "Tournament.Core", "Tournament.Core\Tournament.Core.csproj", "{5169C135-7809-4988-B12C-AF1AF6CF1EEC}"
EndProject
Project("{FAE04EC0-301F-11D3-BF4B-00C04F79EFBC}") = "Tournament.Data", "Torunament.Data\Tournament.Data.csproj", "{6314B4E5-C2E9-4643-B951-A896956C4F17}"
EndProject
Project("{FAE04EC0-301F-11D3-BF4B-00C04F79EFBC}") = "Tournament.Presentation", "Presentation\Tournament.Presentation.csproj", "{1D071DAC-05D3-43C7-9F5F-060AEA93DC30}"
EndProject
Project("{FAE04EC0-301F-11D3-BF4B-00C04F79EFBC}") = "Tournament.Services", "Services\Tournament.Services.csproj", "{2B0F4664-266E-41DC-834C-A49B388D0726}"
EndProject
Project("{FAE04EC0-301F-11D3-BF4B-00C04F79EFBC}") = "Tournament.Service.Contracts", "Tournament.Service.Contracts\Tournament.Service.Contracts.csproj", "{39209F4D-0744-45FB-B007-AF3D891518EF}"
EndProject
Project("{FAE04EC0-301F-11D3-BF4B-00C04F79EFBC}") = "Domain.Models", "Tournament.Models\Domain.Models.csproj", "{4F991C52-4E33-47BC-9F71-C21F3BDCF535}"
EndProject
Project("{FAE04EC0-301F-11D3-BF4B-00C04F79EFBC}") = "Domain.Contracts", "Domain.Contracts\Domain.Contracts.csproj", "{6C0C31A3-94F1-4625-A9EA-CDCF68DB7400}"
EndProject
Project("{FAE04EC0-301F-11D3-BF4B-00C04F79EFBC}") = "Tournament.DTOs", "Tournament.DTOs\Tournament.DTOs.csproj", "{0AD5E314-5A65-49DB-823A-5DB264BFD599}"
EndProject
Global
	GlobalSection(SolutionConfigurationPlatforms) = preSolution
		Debug|Any CPU = Debug|Any CPU
		Release|Any CPU = Release|Any CPU
	EndGlobalSection
	GlobalSection(ProjectConfigurationPlatforms) = postSolution
		{AA4B14FD-B333-4373-AA45-3693DA70618C}.Debug|Any CPU.ActiveCfg = Debug|Any CPU
		{AA4B14FD-B333-4373-AA45-3693DA70618C}.Debug|Any CPU.Build.0 = Debug|Any CPU
		{AA4B14FD-B333-4373-AA45-3693DA70618C}.Release|Any CPU.ActiveCfg = Release|Any CPU
		{AA4B14FD-B333-4373-AA45-3693DA70618C}.Release|Any CPU.Build.0 = Release|Any CPU
		{5169C135-7809-4988-B12C-AF1AF6CF1EEC}.Debug|Any CPU.ActiveCfg = Debug|Any CPU
		{5169C135-7809-4988-B12C-AF1AF6CF1EEC}.Debug|Any CPU.Build.0 = Debug|Any CPU
		{5169C135-7809-4988-B12C-AF1AF6CF1EEC}.Release|Any CPU.ActiveCfg = Release|Any CPU
		{5169C135-7809-4988-B12C-AF1AF6CF1EEC}.Release|Any CPU.Build.0 = Release|Any CPU
		{6314B4E5-C2E9-4643-B951-A896956C4F17}.Debug|Any CPU.ActiveCfg = Debug|Any CPU
		{6314B4E5-C2E9-4643-B951-A896956C4F17}.Debug|Any CPU.Build.0 = Debug|Any CPU
		{6314B4E5-C2E9-4643-B951-A896956C4F17}.Release|Any CPU.ActiveCfg = Release|Any CPU
		{6314B4E5-C2E9-4643-B951-A896956C4F17}.Release|Any CPU.Build.0 = Release|Any CPU
		{1D071DAC-05D3-43C7-9F5F-060AEA93DC30}.Debug|Any CPU.ActiveCfg = Debug|Any CPU
		{1D071DAC-05D3-43C7-9F5F-060AEA93DC30}.Debug|Any CPU.Build.0 = Debug|Any CPU
		{1D071DAC-05D3-43C7-9F5F-060AEA93DC30}.Release|Any CPU.ActiveCfg = Release|Any CPU
		{1D071DAC-05D3-43C7-9F5F-060AEA93DC30}.Release|Any CPU.Build.0 = Release|Any CPU
		{2B0F4664-266E-41DC-834C-A49B388D0726}.Debug|Any CPU.ActiveCfg = Debug|Any CPU
		{2B0F4664-266E-41DC-834C-A49B388D0726}.Debug|Any CPU.Build.0 = Debug|Any CPU
		{2B0F4664-266E-41DC-834C-A49B388D0726}.Release|Any CPU.ActiveCfg = Release|Any CPU
		{2B0F4664-266E-41DC-834C-A49B388D0726}.Release|Any CPU.Build.0 = Release|Any CPU
		{39209F4D-0744-45FB-B007-AF3D891518EF}.Debug|Any CPU.ActiveCfg = Debug|Any CPU
		{39209F4D-0744-45FB-B007-AF3D891518EF}.Debug|Any CPU.Build.0 = Debug|Any CPU
		{39209F4D-0744-45FB-B007-AF3D891518EF}.Release|Any CPU.ActiveCfg = Release|Any CPU
		{39209F4D-0744-45FB-B007-AF3D891518EF}.Release|Any CPU.Build.0 = Release|Any CPU
		{4F991C52-4E33-47BC-9F71-C21F3BDCF535}.Debug|Any CPU.ActiveCfg = Debug|Any CPU
		{4F991C52-4E33-47BC-9F71-C21F3BDCF535}.Debug|Any CPU.Build.0 = Debug|Any CPU
		{4F991C52-4E33-47BC-9F71-C21F3BDCF535}.Release|Any CPU.ActiveCfg = Release|Any CPU
		{4F991C52-4E33-47BC-9F71-C21F3BDCF535}.Release|Any CPU.Build.0 = Release|Any CPU
		{6C0C31A3-94F1-4625-A9EA-CDCF68DB7400}.Debug|Any CPU.ActiveCfg = Debug|Any CPU
		{6C0C31A3-94F1-4625-A9EA-CDCF68DB7400}.Debug|Any CPU.Build.0 = Debug|Any CPU
		{6C0C31A3-94F1-4625-A9EA-CDCF68DB7400}.Release|Any CPU.ActiveCfg = Release|Any CPU
		{6C0C31A3-94F1-4625-A9EA-CDCF68DB7400}.Release|Any CPU.Build.0 = Release|Any CPU
		{0AD5E314-5A65-49DB-823A-5DB264BFD599}.Debug|Any CPU.ActiveCfg = Debug|Any CPU
		{0AD5E314-5A65-49DB-823A-5DB264BFD599}.Debug|Any CPU.Build.0 = Debug|Any CPU
		{0AD5E314-5A65-49DB-823A-5DB264BFD599}.Release|Any CPU.ActiveCfg = Release|Any CPU
		{0AD5E314-5A65-49DB-823A-5DB264BFD599}.Release|Any CPU.Build.0 = Release|Any CPU
	EndGlobalSection
	GlobalSection(SolutionProperties) = preSolution
		HideSolutionNode = FALSE
	EndGlobalSection
	GlobalSection(ExtensibilityGlobals) = postSolution
		SolutionGuid = {B7AF6694-0E7A-4672-AC23-F07C0726CA32}
	EndGlobalSection
EndGlobal
